{
  "name": "KizutoRadio",
  "version": "1.0.0",
  "lockfileVersion": 1,
  "requires": true,
  "dependencies": {
    "@discordjs/opus": {
      "version": "0.3.2",
      "requires": {
        "@discordjs/node-pre-gyp": "^0.1.0",
        "node-addon-api": "^2.0.0"
      }
    },
    "discord.js": {
      "version": "12.2.0",
      "requires": {
        "@discordjs/collection": "^0.1.5",
        "@discordjs/form-data": "^3.0.1",
        "abort-controller": "^3.0.0",
        "node-fetch": "^2.6.0",
        "prism-media": "^1.2.0",
        "setimmediate": "^1.0.5",
        "tweetnacl": "^1.0.3",
        "ws": "^7.2.1"
      }
    },
    "express": {
      "version": "4.17.1",
      "requires": {
        "accepts": "~1.3.7",
        "array-flatten": "1.1.1",
        "body-parser": "1.19.0",
        "content-disposition": "0.5.3",
        "content-type": "~1.0.4",
        "cookie": "0.4.0",
        "cookie-signature": "1.0.6",
        "debug": "2.6.9",
        "depd": "~1.1.2",
        "encodeurl": "~1.0.2",
        "escape-html": "~1.0.3",
        "etag": "~1.8.1",
        "finalhandler": "~1.1.2",
        "fresh": "0.5.2",
        "merge-descriptors": "1.0.1",
        "methods": "~1.1.2",
        "on-finished": "~2.3.0",
        "parseurl": "~1.3.3",
        "path-to-regexp": "0.1.7",
        "proxy-addr": "~2.0.5",
        "qs": "6.7.0",
        "range-parser": "~1.2.1",
        "safe-buffer": "5.1.2",
        "send": "0.17.1",
        "serve-static": "1.14.1",
        "setprototypeof": "1.1.1",
        "statuses": "~1.5.0",
        "type-is": "~1.6.18",
        "utils-merge": "1.0.1",
        "vary": "~1.1.2"
      }
    },
    "ffmpeg-static": {
      "version": "4.2.6",
      "requires": {
        "@derhuerst/http-basic": "^8.2.0",
        "env-paths": "^2.2.0",
        "https-proxy-agent": "^5.0.0",
        "progress": "^2.0.3"
      }
    },
    "lyrics-finder": {
      "version": "21.1.1",
      "requires": {
        "encoding": "^0.1.13",
        "html-to-text": "^5.1.1",
        "node-fetch": "^2.6.0",
        "urlencode": "^1.1.0"
      }
    },
    "simple-youtube-api": {
      "version": "5.2.1",
      "requires": {
        "iso8601-duration": "^1.2.0",
        "node-fetch": "^2.6.0"
      }
    },
    "soundcloud-downloader": {
      "version": "0.1.3",
      "requires": {
        "@babel/runtime": "^7.10.3",
        "axios": "^0.19.2",
        "dotenv": "^8.2.0",
        "m3u8stream": "^0.7.1",
        "soundcloud-key-fetch": "^1.0.6"
      }
    },
    "string-progressbar": {
      "version": "1.0.1"
    },
    "ytdl-core": {
      "version": "3.2.1",
      "requires": {
        "html-entities": "^1.3.1",
        "m3u8stream": "^0.7.1",
        "miniget": "^2.0.1",
        "sax": "^1.1.3"
      }
    },
    "ytdl-core-discord": {
      "version": "1.2.1",
      "requires": {
        "@types/node": "^14.0.13",
        "prism-media": "^1.2.2",
        "ytdl-core": "^2.1.7"
      }
    }
  }
}
